
Microsoft Visual Studio Solution File, Format Version 12.00
# Visual Studio Version 16
VisualStudioVersion = 16.0.30413.136
MinimumVisualStudioVersion = 10.0.40219.1
Project("{FAE04EC0-301F-11D3-BF4B-00C04F79EFBC}") = "HoursRegisterGenerator", "HoursRegisterGenerator\HoursRegisterGenerator.csproj", "{37602EDA-B9D6-479E-86EC-47C987F3BC79}"
EndProject
Global
	GlobalSection(SolutionConfigurationPlatforms) = preSolution
		Debug|Any CPU = Debug|Any CPU
		Release|Any CPU = Release|Any CPU
	EndGlobalSection
	GlobalSection(ProjectConfigurationPlatforms) = postSolution
		{37602EDA-B9D6-479E-86EC-47C987F3BC79}.Debug|Any CPU.ActiveCfg = Debug|Any CPU
		{37602EDA-B9D6-479E-86EC-47C987F3BC79}.Debug|Any CPU.Build.0 = Debug|Any CPU
		{37602EDA-B9D6-479E-86EC-47C987F3BC79}.Release|Any CPU.ActiveCfg = Release|Any CPU
		{37602EDA-B9D6-479E-86EC-47C987F3BC79}.Release|Any CPU.Build.0 = Release|Any CPU
	EndGlobalSection
	GlobalSection(SolutionProperties) = preSolution
		HideSolutionNode = FALSE
	EndGlobalSection
	GlobalSection(ExtensibilityGlobals) = postSolution
		SolutionGuid = {8A019A4C-E5ED-452B-B914-61B96FEE059A}
	EndGlobalSection
EndGlobal
